
Microsoft Visual Studio Solution File, Format Version 12.00
# Visual Studio Version 16
VisualStudioVersion = 16.0.31205.134
MinimumVisualStudioVersion = 10.0.40219.1
Project("{9A19103F-16F7-4668-BE54-9A1E7A4F7556}") = "BlogManagement", "BlogManagement\BlogManagement.csproj", "{78803F83-D2B3-4898-BB0D-9E7A9D795FFB}"
EndProject
Project("{9A19103F-16F7-4668-BE54-9A1E7A4F7556}") = "BlogManagement.Model", "BlogManagement.Model\BlogManagement.Model.csproj", "{44A0D9F5-C90D-41D9-BBA4-5180B19993E4}"
EndProject
Project("{9A19103F-16F7-4668-BE54-9A1E7A4F7556}") = "BlogManagement.Dal", "BlogManagement.Dal\BlogManagement.Dal.csproj", "{5D4502FF-BF78-4154-B20E-4DD85A5D2BED}"
EndProject
Project("{9A19103F-16F7-4668-BE54-9A1E7A4F7556}") = "BlogManagement.Bll", "BlogManagement.Bll\BlogManagement.Bll.csproj", "{B4EA14CA-9609-475B-BD34-5730D1BE975D}"
EndProject
Project("{FAE04EC0-301F-11D3-BF4B-00C04F79EFBC}") = "BlogManagement.Core", "BlogManagement.Core\BlogManagement.Core.csproj", "{A6953001-C04F-4144-B5BB-D79DA08DE0A4}"
EndProject
Global
	GlobalSection(SolutionConfigurationPlatforms) = preSolution
		Debug|Any CPU = Debug|Any CPU
		Release|Any CPU = Release|Any CPU
	EndGlobalSection
	GlobalSection(ProjectConfigurationPlatforms) = postSolution
		{78803F83-D2B3-4898-BB0D-9E7A9D795FFB}.Debug|Any CPU.ActiveCfg = Debug|Any CPU
		{78803F83-D2B3-4898-BB0D-9E7A9D795FFB}.Debug|Any CPU.Build.0 = Debug|Any CPU
		{78803F83-D2B3-4898-BB0D-9E7A9D795FFB}.Release|Any CPU.ActiveCfg = Release|Any CPU
		{78803F83-D2B3-4898-BB0D-9E7A9D795FFB}.Release|Any CPU.Build.0 = Release|Any CPU
		{44A0D9F5-C90D-41D9-BBA4-5180B19993E4}.Debug|Any CPU.ActiveCfg = Debug|Any CPU
		{44A0D9F5-C90D-41D9-BBA4-5180B19993E4}.Debug|Any CPU.Build.0 = Debug|Any CPU
		{44A0D9F5-C90D-41D9-BBA4-5180B19993E4}.Release|Any CPU.ActiveCfg = Release|Any CPU
		{44A0D9F5-C90D-41D9-BBA4-5180B19993E4}.Release|Any CPU.Build.0 = Release|Any CPU
		{5D4502FF-BF78-4154-B20E-4DD85A5D2BED}.Debug|Any CPU.ActiveCfg = Debug|Any CPU
		{5D4502FF-BF78-4154-B20E-4DD85A5D2BED}.Debug|Any CPU.Build.0 = Debug|Any CPU
		{5D4502FF-BF78-4154-B20E-4DD85A5D2BED}.Release|Any CPU.ActiveCfg = Release|Any CPU
		{5D4502FF-BF78-4154-B20E-4DD85A5D2BED}.Release|Any CPU.Build.0 = Release|Any CPU
		{B4EA14CA-9609-475B-BD34-5730D1BE975D}.Debug|Any CPU.ActiveCfg = Debug|Any CPU
		{B4EA14CA-9609-475B-BD34-5730D1BE975D}.Debug|Any CPU.Build.0 = Debug|Any CPU
		{B4EA14CA-9609-475B-BD34-5730D1BE975D}.Release|Any CPU.ActiveCfg = Release|Any CPU
		{B4EA14CA-9609-475B-BD34-5730D1BE975D}.Release|Any CPU.Build.0 = Release|Any CPU
		{A6953001-C04F-4144-B5BB-D79DA08DE0A4}.Debug|Any CPU.ActiveCfg = Debug|Any CPU
		{A6953001-C04F-4144-B5BB-D79DA08DE0A4}.Debug|Any CPU.Build.0 = Debug|Any CPU
		{A6953001-C04F-4144-B5BB-D79DA08DE0A4}.Release|Any CPU.ActiveCfg = Release|Any CPU
		{A6953001-C04F-4144-B5BB-D79DA08DE0A4}.Release|Any CPU.Build.0 = Release|Any CPU
	EndGlobalSection
	GlobalSection(SolutionProperties) = preSolution
		HideSolutionNode = FALSE
	EndGlobalSection
	GlobalSection(ExtensibilityGlobals) = postSolution
		SolutionGuid = {1D5A2C23-32A5-4B8D-8B80-B899309DC5F3}
	EndGlobalSection
EndGlobal
